
Microsoft Visual Studio Solution File, Format Version 12.00
# Visual Studio Version 17
VisualStudioVersion = 17.8.34309.116
MinimumVisualStudioVersion = 10.0.40219.1
Project("{9A19103F-16F7-4668-BE54-9A1E7A4F7556}") = "BlazorInvoiceApp", "BlazorInvoiceApp\BlazorInvoiceApp.csproj", "{58C0CA4C-BB93-4E64-A510-28A0E29D894B}"
EndProject
Project("{FAE04EC0-301F-11D3-BF4B-00C04F79EFBC}") = "BlazorInvoiceAppTests", "BlazorInvoiceAppTests\BlazorInvoiceAppTests.csproj", "{7E5E485C-FF8D-44EC-B777-E6860270CD6A}"
EndProject
Global
	GlobalSection(SolutionConfigurationPlatforms) = preSolution
		Debug|Any CPU = Debug|Any CPU
		Release|Any CPU = Release|Any CPU
	EndGlobalSection
	GlobalSection(ProjectConfigurationPlatforms) = postSolution
		{58C0CA4C-BB93-4E64-A510-28A0E29D894B}.Debug|Any CPU.ActiveCfg = Debug|Any CPU
		{58C0CA4C-BB93-4E64-A510-28A0E29D894B}.Debug|Any CPU.Build.0 = Debug|Any CPU
		{58C0CA4C-BB93-4E64-A510-28A0E29D894B}.Release|Any CPU.ActiveCfg = Release|Any CPU
		{58C0CA4C-BB93-4E64-A510-28A0E29D894B}.Release|Any CPU.Build.0 = Release|Any CPU
		{7E5E485C-FF8D-44EC-B777-E6860270CD6A}.Debug|Any CPU.ActiveCfg = Debug|Any CPU
		{7E5E485C-FF8D-44EC-B777-E6860270CD6A}.Debug|Any CPU.Build.0 = Debug|Any CPU
		{7E5E485C-FF8D-44EC-B777-E6860270CD6A}.Release|Any CPU.ActiveCfg = Release|Any CPU
		{7E5E485C-FF8D-44EC-B777-E6860270CD6A}.Release|Any CPU.Build.0 = Release|Any CPU
	EndGlobalSection
	GlobalSection(SolutionProperties) = preSolution
		HideSolutionNode = FALSE
	EndGlobalSection
	GlobalSection(ExtensibilityGlobals) = postSolution
		SolutionGuid = {EBCE4BAE-B630-40FE-9CBE-C1A498023EA1}
	EndGlobalSection
EndGlobal
